
Microsoft Visual Studio Solution File, Format Version 12.00
# Visual Studio Version 17
VisualStudioVersion = 17.11.35222.181
MinimumVisualStudioVersion = 10.0.40219.1
Project("{FAE04EC0-301F-11D3-BF4B-00C04F79EFBC}") = "Start.cs", "Start.cs\Start.cs.csproj", "{CA739048-DEF9-4215-A0E0-8C4CC133B816}"
EndProject
Global
	GlobalSection(SolutionConfigurationPlatforms) = preSolution
		Debug|Any CPU = Debug|Any CPU
		Release|Any CPU = Release|Any CPU
	EndGlobalSection
	GlobalSection(ProjectConfigurationPlatforms) = postSolution
		{CA739048-DEF9-4215-A0E0-8C4CC133B816}.Debug|Any CPU.ActiveCfg = Debug|Any CPU
		{CA739048-DEF9-4215-A0E0-8C4CC133B816}.Debug|Any CPU.Build.0 = Debug|Any CPU
		{CA739048-DEF9-4215-A0E0-8C4CC133B816}.Release|Any CPU.ActiveCfg = Release|Any CPU
		{CA739048-DEF9-4215-A0E0-8C4CC133B816}.Release|Any CPU.Build.0 = Release|Any CPU
	EndGlobalSection
	GlobalSection(SolutionProperties) = preSolution
		HideSolutionNode = FALSE
	EndGlobalSection
	GlobalSection(ExtensibilityGlobals) = postSolution
		SolutionGuid = {73860EAC-BF3C-4A05-B045-088D95378527}
	EndGlobalSection
EndGlobal
